// !$*UTF8*$!
{
	archiveVersion = 1;
	classes = {
	};
	objectVersion = 70;
	objects = {

/* Begin PBXBuildFile section */
		746274492E7422EF00F7B182 /* Assets.xcassets in Resources */ = {isa = PBXBuildFile; fileRef = 746274402E7422EF00F7B182 /* Assets.xcassets */; };
		7462744B2E7422EF00F7B182 /* LaunchScreen.storyboard in Resources */ = {isa = PBXBuildFile; fileRef = 746274432E7422EF00F7B182 /* LaunchScreen.storyboard */; };
		7462744C2E7422EF00F7B182 /* Main.storyboard in Resources */ = {isa = PBXBuildFile; fileRef = 746274452E7422EF00F7B182 /* Main.storyboard */; };
		7462744D2E7422EF00F7B182 /* AppDelegate.swift in Sources */ = {isa = PBXBuildFile; fileRef = 7462743F2E7422EF00F7B182 /* AppDelegate.swift */; };
		7462744E2E7422EF00F7B182 /* SceneDelegate.swift in Sources */ = {isa = PBXBuildFile; fileRef = 746274462E7422EF00F7B182 /* SceneDelegate.swift */; };
		7462744F2E7422EF00F7B182 /* ViewController.swift in Sources */ = {isa = PBXBuildFile; fileRef = 746274472E7422EF00F7B182 /* ViewController.swift */; };
		746274762E74234D00F7B182 /* StartView.swift in Sources */ = {isa = PBXBuildFile; fileRef = 746274752E74234D00F7B182 /* StartView.swift */; };
/* End PBXBuildFile section */

/* Begin PBXFileReference section */
		746274272E7422CE00F7B182 /* FastTipsbox.app */ = {isa = PBXFileReference; explicitFileType = wrapper.application; includeInIndex = 0; path = FastTipsbox.app; sourceTree = BUILT_PRODUCTS_DIR; };
		7462743F2E7422EF00F7B182 /* AppDelegate.swift */ = {isa = PBXFileReference; lastKnownFileType = sourcecode.swift; path = AppDelegate.swift; sourceTree = "<group>"; };
		746274402E7422EF00F7B182 /* Assets.xcassets */ = {isa = PBXFileReference; lastKnownFileType = folder.assetcatalog; path = Assets.xcassets; sourceTree = "<group>"; };
		746274412E7422EF00F7B182 /* Info.plist */ = {isa = PBXFileReference; lastKnownFileType = text.plist.xml; path = Info.plist; sourceTree = "<group>"; };
		746274422E7422EF00F7B182 /* Base */ = {isa = PBXFileReference; lastKnownFileType = file.storyboard; name = Base; path = Base.lproj/LaunchScreen.storyboard; sourceTree = "<group>"; };
		746274442E7422EF00F7B182 /* Base */ = {isa = PBXFileReference; lastKnownFileType = file.storyboard; name = Base; path = Base.lproj/Main.storyboard; sourceTree = "<group>"; };
		746274462E7422EF00F7B182 /* SceneDelegate.swift */ = {isa = PBXFileReference; lastKnownFileType = sourcecode.swift; path = SceneDelegate.swift; sourceTree = "<group>"; };
		746274472E7422EF00F7B182 /* ViewController.swift */ = {isa = PBXFileReference; lastKnownFileType = sourcecode.swift; path = ViewController.swift; sourceTree = "<group>"; };
		746274752E74234D00F7B182 /* StartView.swift */ = {isa = PBXFileReference; lastKnownFileType = sourcecode.swift; path = StartView.swift; sourceTree = "<group>"; };
		761FB71405314D1CD5BBAA90 /* Pods-FastTipsbox.debug.xcconfig */ = {isa = PBXFileReference; includeInIndex = 1; lastKnownFileType = text.xcconfig; name = "Pods-FastTipsbox.debug.xcconfig"; path = "Target Support Files/Pods-FastTipsbox/Pods-FastTipsbox.debug.xcconfig"; sourceTree = "<group>"; };
		838EB7FE6D6458D9EA23D950 /* Pods_FastTipsbox.framework */ = {isa = PBXFileReference; explicitFileType = wrapper.framework; includeInIndex = 0; path = Pods_FastTipsbox.framework; sourceTree = BUILT_PRODUCTS_DIR; };
		EFCD7117A9A6E89F286E9C2E /* Pods-FastTipsbox.release.xcconfig */ = {isa = PBXFileReference; includeInIndex = 1; lastKnownFileType = text.xcconfig; name = "Pods-FastTipsbox.release.xcconfig"; path = "Target Support Files/Pods-FastTipsbox/Pods-FastTipsbox.release.xcconfig"; sourceTree = "<group>"; };
/* End PBXFileReference section */

/* Begin PBXFileSystemSynchronizedRootGroup section */
		746274542E74232800F7B182 /* Components */ = {isa = PBXFileSystemSynchronizedRootGroup; explicitFileTypes = {}; explicitFolders = (); path = Components; sourceTree = "<group>"; };
		746274562E74232800F7B182 /* Models */ = {isa = PBXFileSystemSynchronizedRootGroup; explicitFileTypes = {}; explicitFolders = (); path = Models; sourceTree = "<group>"; };
		746274582E74232800F7B182 /* Storage */ = {isa = PBXFileSystemSynchronizedRootGroup; explicitFileTypes = {}; explicitFolders = (); path = Storage; sourceTree = "<group>"; };
		7462745A2E74232800F7B182 /* Utilities */ = {isa = PBXFileSystemSynchronizedRootGroup; explicitFileTypes = {}; explicitFolders = (); path = Utilities; sourceTree = "<group>"; };
		746274642E74232800F7B182 /* Views */ = {isa = PBXFileSystemSynchronizedRootGroup; explicitFileTypes = {}; explicitFolders = (); path = Views; sourceTree = "<group>"; };
/* End PBXFileSystemSynchronizedRootGroup section */

/* Begin PBXFrameworksBuildPhase section */
		746274242E7422CE00F7B182 /* Frameworks */ = {
			isa = PBXFrameworksBuildPhase;
			buildActionMask = 2147483647;
			files = (
			);
			runOnlyForDeploymentPostprocessing = 0;
		};
/* End PBXFrameworksBuildPhase section */

/* Begin PBXGroup section */
		04FF14762A6DBE355C2B4006 /* Frameworks */ = {
			isa = PBXGroup;
			children = (
				838EB7FE6D6458D9EA23D950 /* Pods_FastTipsbox.framework */,
			);
			name = Frameworks;
			sourceTree = "<group>";
		};
		7462741E2E7422CE00F7B182 = {
			isa = PBXGroup;
			children = (
				746274482E7422EF00F7B182 /* FastTipsbox */,
				746274282E7422CE00F7B182 /* Products */,
				9FCFDEE28F6E4FF90AB81923 /* Pods */,
				04FF14762A6DBE355C2B4006 /* Frameworks */,
			);
			sourceTree = "<group>";
		};
		746274282E7422CE00F7B182 /* Products */ = {
			isa = PBXGroup;
			children = (
				746274272E7422CE00F7B182 /* FastTipsbox.app */,
			);
			name = Products;
			sourceTree = "<group>";
		};
		746274482E7422EF00F7B182 /* FastTipsbox */ = {
			isa = PBXGroup;
			children = (
				7462743F2E7422EF00F7B182 /* AppDelegate.swift */,
				746274402E7422EF00F7B182 /* Assets.xcassets */,
				746274412E7422EF00F7B182 /* Info.plist */,
				746274432E7422EF00F7B182 /* LaunchScreen.storyboard */,
				746274452E7422EF00F7B182 /* Main.storyboard */,
				746274462E7422EF00F7B182 /* SceneDelegate.swift */,
				746274472E7422EF00F7B182 /* ViewController.swift */,
				746274542E74232800F7B182 /* Components */,
				746274562E74232800F7B182 /* Models */,
				746274582E74232800F7B182 /* Storage */,
				7462745A2E74232800F7B182 /* Utilities */,
				746274642E74232800F7B182 /* Views */,
				746274752E74234D00F7B182 /* StartView.swift */,
			);
			path = FastTipsbox;
			sourceTree = "<group>";
		};
		9FCFDEE28F6E4FF90AB81923 /* Pods */ = {
			isa = PBXGroup;
			children = (
				761FB71405314D1CD5BBAA90 /* Pods-FastTipsbox.debug.xcconfig */,
				EFCD7117A9A6E89F286E9C2E /* Pods-FastTipsbox.release.xcconfig */,
			);
			path = Pods;
			sourceTree = "<group>";
		};
/* End PBXGroup section */

/* Begin PBXNativeTarget section */
		746274262E7422CE00F7B182 /* FastTipsbox */ = {
			isa = PBXNativeTarget;
			buildConfigurationList = 7462743A2E7422CF00F7B182 /* Build configuration list for PBXNativeTarget "FastTipsbox" */;
			buildPhases = (
				DD60E375E3671FFEF967D3E4 /* [CP] Check Pods Manifest.lock */,
				746274232E7422CE00F7B182 /* Sources */,
				746274242E7422CE00F7B182 /* Frameworks */,
				746274252E7422CE00F7B182 /* Resources */,
			);
			buildRules = (
			);
			dependencies = (
			);
			fileSystemSynchronizedGroups = (
				746274542E74232800F7B182 /* Components */,
				746274562E74232800F7B182 /* Models */,
				746274582E74232800F7B182 /* Storage */,
				7462745A2E74232800F7B182 /* Utilities */,
				746274642E74232800F7B182 /* Views */,
			);
			name = FastTipsbox;
			productName = FastTipsbox;
			productReference = 746274272E7422CE00F7B182 /* FastTipsbox.app */;
			productType = "com.apple.product-type.application";
		};
/* End PBXNativeTarget section */

/* Begin PBXProject section */
		7462741F2E7422CE00F7B182 /* Project object */ = {
			isa = PBXProject;
			attributes = {
				BuildIndependentTargetsInParallel = 1;
				LastSwiftUpdateCheck = 1640;
				LastUpgradeCheck = 1640;
				TargetAttributes = {
					746274262E7422CE00F7B182 = {
						CreatedOnToolsVersion = 16.4;
					};
				};
			};
			buildConfigurationList = 746274222E7422CE00F7B182 /* Build configuration list for PBXProject "FastTipsbox" */;
			compatibilityVersion = "Xcode 15.0";
			developmentRegion = en;
			hasScannedForEncodings = 0;
			knownRegions = (
				en,
				Base,
			);
			mainGroup = 7462741E2E7422CE00F7B182;
			productRefGroup = 746274282E7422CE00F7B182 /* Products */;
			projectDirPath = "";
			projectRoot = "";
			targets = (
				746274262E7422CE00F7B182 /* FastTipsbox */,
			);
		};
/* End PBXProject section */

/* Begin PBXResourcesBuildPhase section */
		746274252E7422CE00F7B182 /* Resources */ = {
			isa = PBXResourcesBuildPhase;
			buildActionMask = 2147483647;
			files = (
				746274492E7422EF00F7B182 /* Assets.xcassets in Resources */,
				7462744B2E7422EF00F7B182 /* LaunchScreen.storyboard in Resources */,
				7462744C2E7422EF00F7B182 /* Main.storyboard in Resources */,
			);
			runOnlyForDeploymentPostprocessing = 0;
		};
/* End PBXResourcesBuildPhase section */

/* Begin PBXShellScriptBuildPhase section */
		DD60E375E3671FFEF967D3E4 /* [CP] Check Pods Manifest.lock */ = {
			isa = PBXShellScriptBuildPhase;
			buildActionMask = 2147483647;
			files = (
			);
			inputFileListPaths = (
			);
			inputPaths = (
				"${PODS_PODFILE_DIR_PATH}/Podfile.lock",
				"${PODS_ROOT}/Manifest.lock",
			);
			name = "[CP] Check Pods Manifest.lock";
			outputFileListPaths = (
			);
			outputPaths = (
				"$(DERIVED_FILE_DIR)/Pods-FastTipsbox-checkManifestLockResult.txt",
			);
			runOnlyForDeploymentPostprocessing = 0;
			shellPath = /bin/sh;
			shellScript = "diff \"${PODS_PODFILE_DIR_PATH}/Podfile.lock\" \"${PODS_ROOT}/Manifest.lock\" > /dev/null\nif [ $? != 0 ] ; then\n    # print error to STDERR\n    echo \"error: The sandbox is not in sync with the Podfile.lock. Run 'pod install' or update your CocoaPods installation.\" >&2\n    exit 1\nfi\n# This output is used by Xcode 'outputs' to avoid re-running this script phase.\necho \"SUCCESS\" > \"${SCRIPT_OUTPUT_FILE_0}\"\n";
			showEnvVarsInLog = 0;
		};
/* End PBXShellScriptBuildPhase section */

/* Begin PBXSourcesBuildPhase section */
		746274232E7422CE00F7B182 /* Sources */ = {
			isa = PBXSourcesBuildPhase;
			buildActionMask = 2147483647;
			files = (
				7462744D2E7422EF00F7B182 /* AppDelegate.swift in Sources */,
				7462744E2E7422EF00F7B182 /* SceneDelegate.swift in Sources */,
				746274762E74234D00F7B182 /* StartView.swift in Sources */,
				7462744F2E7422EF00F7B182 /* ViewController.swift in Sources */,
			);
			runOnlyForDeploymentPostprocessing = 0;
		};
/* End PBXSourcesBuildPhase section */

/* Begin PBXVariantGroup section */
		746274432E7422EF00F7B182 /* LaunchScreen.storyboard */ = {
			isa = PBXVariantGroup;
			children = (
				746274422E7422EF00F7B182 /* Base */,
			);
			name = LaunchScreen.storyboard;
			sourceTree = "<group>";
		};
		746274452E7422EF00F7B182 /* Main.storyboard */ = {
			isa = PBXVariantGroup;
			children = (
				746274442E7422EF00F7B182 /* Base */,
			);
			name = Main.storyboard;
			sourceTree = "<group>";
		};
/* End PBXVariantGroup section */

/* Begin XCBuildConfiguration section */
		7462743B2E7422CF00F7B182 /* Debug */ = {
			isa = XCBuildConfiguration;
			baseConfigurationReference = 761FB71405314D1CD5BBAA90 /* Pods-FastTipsbox.debug.xcconfig */;
			buildSettings = {
				ASSETCATALOG_COMPILER_APPICON_NAME = AppIcon;
				ASSETCATALOG_COMPILER_GLOBAL_ACCENT_COLOR_NAME = AccentColor;
				CODE_SIGN_STYLE = Automatic;
				CURRENT_PROJECT_VERSION = 1;
				GENERATE_INFOPLIST_FILE = YES;
				INFOPLIST_FILE = FastTipsbox/Info.plist;
				INFOPLIST_KEY_UIApplicationSupportsIndirectInputEvents = YES;
				INFOPLIST_KEY_UILaunchStoryboardName = LaunchScreen;
				INFOPLIST_KEY_UIMainStoryboardFile = Main;
				INFOPLIST_KEY_UISupportedInterfaceOrientations = UIInterfaceOrientationPortrait;
				INFOPLIST_KEY_UISupportedInterfaceOrientations_iPad = "UIInterfaceOrientationLandscapeLeft UIInterfaceOrientationLandscapeRight UIInterfaceOrientationPortrait UIInterfaceOrientationPortraitUpsideDown";
				IPHONEOS_DEPLOYMENT_TARGET = 16.6;
				LD_RUNPATH_SEARCH_PATHS = (
					"$(inherited)",
					"@executable_path/Frameworks",
				);
				MARKETING_VERSION = 1.0;
				PRODUCT_BUNDLE_IDENTIFIER = home.FastTipsbox;
				PRODUCT_NAME = "$(TARGET_NAME)";
				SUPPORTED_PLATFORMS = "iphoneos iphonesimulator";
				SUPPORTS_MACCATALYST = NO;
				SUPPORTS_MAC_DESIGNED_FOR_IPHONE_IPAD = NO;
				SUPPORTS_XR_DESIGNED_FOR_IPHONE_IPAD = NO;
				SWIFT_EMIT_LOC_STRINGS = YES;
				SWIFT_VERSION = 5.0;
				TARGETED_DEVICE_FAMILY = 1;
			};
			name = Debug;
		};
		7462743C2E7422CF00F7B182 /* Release */ = {
			isa = XCBuildConfiguration;
			baseConfigurationReference = EFCD7117A9A6E89F286E9C2E /* Pods-FastTipsbox.release.xcconfig */;
			buildSettings = {
				ASSETCATALOG_COMPILER_APPICON_NAME = AppIcon;
				ASSETCATALOG_COMPILER_GLOBAL_ACCENT_COLOR_NAME = AccentColor;
				CODE_SIGN_STYLE = Automatic;
				CURRENT_PROJECT_VERSION = 1;
				GENERATE_INFOPLIST_FILE = YES;
				INFOPLIST_FILE = FastTipsbox/Info.plist;
				INFOPLIST_KEY_UIApplicationSupportsIndirectInputEvents = YES;
				INFOPLIST_KEY_UILaunchStoryboardName = LaunchScreen;
				INFOPLIST_KEY_UIMainStoryboardFile = Main;
				INFOPLIST_KEY_UISupportedInterfaceOrientations = UIInterfaceOrientationPortrait;
				INFOPLIST_KEY_UISupportedInterfaceOrientations_iPad = "UIInterfaceOrientationLandscapeLeft UIInterfaceOrientationLandscapeRight UIInterfaceOrientationPortrait UIInterfaceOrientationPortraitUpsideDown";
				IPHONEOS_DEPLOYMENT_TARGET = 16.6;
				LD_RUNPATH_SEARCH_PATHS = (
					"$(inherited)",
					"@executable_path/Frameworks",
				);
				MARKETING_VERSION = 1.0;
				PRODUCT_BUNDLE_IDENTIFIER = home.FastTipsbox;
				PRODUCT_NAME = "$(TARGET_NAME)";
				SUPPORTED_PLATFORMS = "iphoneos iphonesimulator";
				SUPPORTS_MACCATALYST = NO;
				SUPPORTS_MAC_DESIGNED_FOR_IPHONE_IPAD = NO;
				SUPPORTS_XR_DESIGNED_FOR_IPHONE_IPAD = NO;
				SWIFT_EMIT_LOC_STRINGS = YES;
				SWIFT_VERSION = 5.0;
				TARGETED_DEVICE_FAMILY = 1;
			};
			name = Release;
		};
		7462743D2E7422CF00F7B182 /* Debug */ = {
			isa = XCBuildConfiguration;
			buildSettings = {
				ALWAYS_SEARCH_USER_PATHS = NO;
				ASSETCATALOG_COMPILER_GENERATE_SWIFT_ASSET_SYMBOL_EXTENSIONS = YES;
				CLANG_ANALYZER_NONNULL = YES;
				CLANG_ANALYZER_NUMBER_OBJECT_CONVERSION = YES_AGGRESSIVE;
				CLANG_CXX_LANGUAGE_STANDARD = "gnu++20";
				CLANG_ENABLE_MODULES = YES;
				CLANG_ENABLE_OBJC_ARC = YES;
				CLANG_ENABLE_OBJC_WEAK = YES;
				CLANG_WARN_BLOCK_CAPTURE_AUTORELEASING = YES;
				CLANG_WARN_BOOL_CONVERSION = YES;
				CLANG_WARN_COMMA = YES;
				CLANG_WARN_CONSTANT_CONVERSION = YES;
				CLANG_WARN_DEPRECATED_OBJC_IMPLEMENTATIONS = YES;
				CLANG_WARN_DIRECT_OBJC_ISA_USAGE = YES_ERROR;
				CLANG_WARN_DOCUMENTATION_COMMENTS = YES;
				CLANG_WARN_EMPTY_BODY = YES;
				CLANG_WARN_ENUM_CONVERSION = YES;
				CLANG_WARN_INFINITE_RECURSION = YES;
				CLANG_WARN_INT_CONVERSION = YES;
				CLANG_WARN_NON_LITERAL_NULL_CONVERSION = YES;
				CLANG_WARN_OBJC_IMPLICIT_RETAIN_SELF = YES;
				CLANG_WARN_OBJC_LITERAL_CONVERSION = YES;
				CLANG_WARN_OBJC_ROOT_CLASS = YES_ERROR;
				CLANG_WARN_QUOTED_INCLUDE_IN_FRAMEWORK_HEADER = YES;
				CLANG_WARN_RANGE_LOOP_ANALYSIS = YES;
				CLANG_WARN_STRICT_PROTOTYPES = YES;
				CLANG_WARN_SUSPICIOUS_MOVE = YES;
				CLANG_WARN_UNGUARDED_AVAILABILITY = YES_AGGRESSIVE;
				CLANG_WARN_UNREACHABLE_CODE = YES;
				CLANG_WARN__DUPLICATE_METHOD_MATCH = YES;
				COPY_PHASE_STRIP = NO;
				DEBUG_INFORMATION_FORMAT = dwarf;
				ENABLE_STRICT_OBJC_MSGSEND = YES;
				ENABLE_TESTABILITY = YES;
				ENABLE_USER_SCRIPT_SANDBOXING = YES;
				GCC_C_LANGUAGE_STANDARD = gnu17;
				GCC_DYNAMIC_NO_PIC = NO;
				GCC_NO_COMMON_BLOCKS = YES;
				GCC_OPTIMIZATION_LEVEL = 0;
				GCC_PREPROCESSOR_DEFINITIONS = (
					"DEBUG=1",
					"$(inherited)",
				);
				GCC_WARN_64_TO_32_BIT_CONVERSION = YES;
				GCC_WARN_ABOUT_RETURN_TYPE = YES_ERROR;
				GCC_WARN_UNDECLARED_SELECTOR = YES;
				GCC_WARN_UNINITIALIZED_AUTOS = YES_AGGRESSIVE;
				GCC_WARN_UNUSED_FUNCTION = YES;
				GCC_WARN_UNUSED_VARIABLE = YES;
				IPHONEOS_DEPLOYMENT_TARGET = 18.5;
				LOCALIZATION_PREFERS_STRING_CATALOGS = YES;
				MTL_ENABLE_DEBUG_INFO = INCLUDE_SOURCE;
				MTL_FAST_MATH = YES;
				ONLY_ACTIVE_ARCH = YES;
				SDKROOT = iphoneos;
				SWIFT_ACTIVE_COMPILATION_CONDITIONS = "DEBUG $(inherited)";
				SWIFT_OPTIMIZATION_LEVEL = "-Onone";
			};
			name = Debug;
		};
		7462743E2E7422CF00F7B182 /* Release */ = {
			isa = XCBuildConfiguration;
			buildSettings = {
				ALWAYS_SEARCH_USER_PATHS = NO;
				ASSETCATALOG_COMPILER_GENERATE_SWIFT_ASSET_SYMBOL_EXTENSIONS = YES;
				CLANG_ANALYZER_NONNULL = YES;
				CLANG_ANALYZER_NUMBER_OBJECT_CONVERSION = YES_AGGRESSIVE;
				CLANG_CXX_LANGUAGE_STANDARD = "gnu++20";
				CLANG_ENABLE_MODULES = YES;
				CLANG_ENABLE_OBJC_ARC = YES;
				CLANG_ENABLE_OBJC_WEAK = YES;
				CLANG_WARN_BLOCK_CAPTURE_AUTORELEASING = YES;
				CLANG_WARN_BOOL_CONVERSION = YES;
				CLANG_WARN_COMMA = YES;
				CLANG_WARN_CONSTANT_CONVERSION = YES;
				CLANG_WARN_DEPRECATED_OBJC_IMPLEMENTATIONS = YES;
				CLANG_WARN_DIRECT_OBJC_ISA_USAGE = YES_ERROR;
				CLANG_WARN_DOCUMENTATION_COMMENTS = YES;
				CLANG_WARN_EMPTY_BODY = YES;
				CLANG_WARN_ENUM_CONVERSION = YES;
				CLANG_WARN_INFINITE_RECURSION = YES;
				CLANG_WARN_INT_CONVERSION = YES;
				CLANG_WARN_NON_LITERAL_NULL_CONVERSION = YES;
				CLANG_WARN_OBJC_IMPLICIT_RETAIN_SELF = YES;
				CLANG_WARN_OBJC_LITERAL_CONVERSION = YES;
				CLANG_WARN_OBJC_ROOT_CLASS = YES_ERROR;
				CLANG_WARN_QUOTED_INCLUDE_IN_FRAMEWORK_HEADER = YES;
				CLANG_WARN_RANGE_LOOP_ANALYSIS = YES;
				CLANG_WARN_STRICT_PROTOTYPES = YES;
				CLANG_WARN_SUSPICIOUS_MOVE = YES;
				CLANG_WARN_UNGUARDED_AVAILABILITY = YES_AGGRESSIVE;
				CLANG_WARN_UNREACHABLE_CODE = YES;
				CLANG_WARN__DUPLICATE_METHOD_MATCH = YES;
				COPY_PHASE_STRIP = NO;
				DEBUG_INFORMATION_FORMAT = "dwarf-with-dsym";
				ENABLE_NS_ASSERTIONS = NO;
				ENABLE_STRICT_OBJC_MSGSEND = YES;
				ENABLE_USER_SCRIPT_SANDBOXING = YES;
				GCC_C_LANGUAGE_STANDARD = gnu17;
				GCC_NO_COMMON_BLOCKS = YES;
				GCC_WARN_64_TO_32_BIT_CONVERSION = YES;
				GCC_WARN_ABOUT_RETURN_TYPE = YES_ERROR;
				GCC_WARN_UNDECLARED_SELECTOR = YES;
				GCC_WARN_UNINITIALIZED_AUTOS = YES_AGGRESSIVE;
				GCC_WARN_UNUSED_FUNCTION = YES;
				GCC_WARN_UNUSED_VARIABLE = YES;
				IPHONEOS_DEPLOYMENT_TARGET = 18.5;
				LOCALIZATION_PREFERS_STRING_CATALOGS = YES;
				MTL_ENABLE_DEBUG_INFO = NO;
				MTL_FAST_MATH = YES;
				SDKROOT = iphoneos;
				SWIFT_COMPILATION_MODE = wholemodule;
				VALIDATE_PRODUCT = YES;
			};
			name = Release;
		};
/* End XCBuildConfiguration section */

/* Begin XCConfigurationList section */
		746274222E7422CE00F7B182 /* Build configuration list for PBXProject "FastTipsbox" */ = {
			isa = XCConfigurationList;
			buildConfigurations = (
				7462743D2E7422CF00F7B182 /* Debug */,
				7462743E2E7422CF00F7B182 /* Release */,
			);
			defaultConfigurationIsVisible = 0;
			defaultConfigurationName = Release;
		};
		7462743A2E7422CF00F7B182 /* Build configuration list for PBXNativeTarget "FastTipsbox" */ = {
			isa = XCConfigurationList;
			buildConfigurations = (
				7462743B2E7422CF00F7B182 /* Debug */,
				7462743C2E7422CF00F7B182 /* Release */,
			);
			defaultConfigurationIsVisible = 0;
			defaultConfigurationName = Release;
		};
/* End XCConfigurationList section */
	};
	rootObject = 7462741F2E7422CE00F7B182 /* Project object */;
}
